
Microsoft Visual Studio Solution File, Format Version 12.00
# Visual Studio Version 17
VisualStudioVersion = 17.0.32014.148
MinimumVisualStudioVersion = 10.0.40219.1
Project("{9A19103F-16F7-4668-BE54-9A1E7A4F7556}") = "FunctionAnalyser", "FunctionAnalyser\FunctionAnalyser.csproj", "{6A0EC86D-45E3-4D51-ACB3-DA90DD67158C}"
EndProject
Project("{9A19103F-16F7-4668-BE54-9A1E7A4F7556}") = "AdvancedText", "AdvancedText\AdvancedText.csproj", "{EAB1B72E-449C-451B-B5B0-97E5574F7F4D}"
EndProject
Project("{9A19103F-16F7-4668-BE54-9A1E7A4F7556}") = "UserInterface", "UserInterface\UserInterface.csproj", "{7F367EBD-DF95-4F62-BFC7-D543CC08A730}"
EndProject
Project("{9A19103F-16F7-4668-BE54-9A1E7A4F7556}") = "ProgramUpdater", "ProgramUpdater\ProgramUpdater.csproj", "{7E69BFBB-3172-4C92-9C30-6939FD76517F}"
EndProject
Project("{9A19103F-16F7-4668-BE54-9A1E7A4F7556}") = "CommandParser", "CommandParser\CommandParser.csproj", "{E7C70C81-839D-4B63-A1C3-9F1A0936A5AD}"
EndProject
Project("{9A19103F-16F7-4668-BE54-9A1E7A4F7556}") = "Tests", "Tests\Tests.csproj", "{9BB2A853-CD6D-496F-B3E4-FB45747BE2F2}"
EndProject
Project("{9A19103F-16F7-4668-BE54-9A1E7A4F7556}") = "Utilities", "Utilities\Utilities.csproj", "{F3E6E6C4-CD5E-4CDE-8582-CB3900F77AD5}"
EndProject
Project("{9A19103F-16F7-4668-BE54-9A1E7A4F7556}") = "ErrorCraft.CommandParser", "ErrorCraft.CommandParser\ErrorCraft.CommandParser.csproj", "{623120B4-2FDB-4649-975C-66FBF6842E7A}"
EndProject
Project("{9A19103F-16F7-4668-BE54-9A1E7A4F7556}") = "ErrorCraft.CommandParser.Tests", "ErrorCraft.CommandParser.Tests\ErrorCraft.CommandParser.Tests.csproj", "{EFE1EA07-1957-45A4-A96B-6138DF7CF232}"
EndProject
Project("{FAE04EC0-301F-11D3-BF4B-00C04F79EFBC}") = "ErrorCraft.Minecraft", "ErrorCraft.Minecraft\ErrorCraft.Minecraft.csproj", "{FF4A8E0F-BA53-4971-BDF0-10FF0802244F}"
EndProject
Project("{FAE04EC0-301F-11D3-BF4B-00C04F79EFBC}") = "ErrorCraft.Minecraft.Tests", "ErrorCraft.Minecraft.Tests\ErrorCraft.Minecraft.Tests.csproj", "{1A088183-4EF3-4038-A965-2E43AEE0B9FE}"
EndProject
Global
	GlobalSection(SolutionConfigurationPlatforms) = preSolution
		Debug|Any CPU = Debug|Any CPU
		Release|Any CPU = Release|Any CPU
	EndGlobalSection
	GlobalSection(ProjectConfigurationPlatforms) = postSolution
		{6A0EC86D-45E3-4D51-ACB3-DA90DD67158C}.Debug|Any CPU.ActiveCfg = Debug|Any CPU
		{6A0EC86D-45E3-4D51-ACB3-DA90DD67158C}.Debug|Any CPU.Build.0 = Debug|Any CPU
		{6A0EC86D-45E3-4D51-ACB3-DA90DD67158C}.Release|Any CPU.ActiveCfg = Release|Any CPU
		{6A0EC86D-45E3-4D51-ACB3-DA90DD67158C}.Release|Any CPU.Build.0 = Release|Any CPU
		{EAB1B72E-449C-451B-B5B0-97E5574F7F4D}.Debug|Any CPU.ActiveCfg = Debug|Any CPU
		{EAB1B72E-449C-451B-B5B0-97E5574F7F4D}.Debug|Any CPU.Build.0 = Debug|Any CPU
		{EAB1B72E-449C-451B-B5B0-97E5574F7F4D}.Release|Any CPU.ActiveCfg = Release|Any CPU
		{EAB1B72E-449C-451B-B5B0-97E5574F7F4D}.Release|Any CPU.Build.0 = Release|Any CPU
		{7F367EBD-DF95-4F62-BFC7-D543CC08A730}.Debug|Any CPU.ActiveCfg = Debug|Any CPU
		{7F367EBD-DF95-4F62-BFC7-D543CC08A730}.Debug|Any CPU.Build.0 = Debug|Any CPU
		{7F367EBD-DF95-4F62-BFC7-D543CC08A730}.Release|Any CPU.ActiveCfg = Release|Any CPU
		{7F367EBD-DF95-4F62-BFC7-D543CC08A730}.Release|Any CPU.Build.0 = Release|Any CPU
		{7E69BFBB-3172-4C92-9C30-6939FD76517F}.Debug|Any CPU.ActiveCfg = Debug|Any CPU
		{7E69BFBB-3172-4C92-9C30-6939FD76517F}.Debug|Any CPU.Build.0 = Debug|Any CPU
		{7E69BFBB-3172-4C92-9C30-6939FD76517F}.Release|Any CPU.ActiveCfg = Release|Any CPU
		{7E69BFBB-3172-4C92-9C30-6939FD76517F}.Release|Any CPU.Build.0 = Release|Any CPU
		{E7C70C81-839D-4B63-A1C3-9F1A0936A5AD}.Debug|Any CPU.ActiveCfg = Debug|Any CPU
		{E7C70C81-839D-4B63-A1C3-9F1A0936A5AD}.Debug|Any CPU.Build.0 = Debug|Any CPU
		{E7C70C81-839D-4B63-A1C3-9F1A0936A5AD}.Release|Any CPU.ActiveCfg = Release|Any CPU
		{E7C70C81-839D-4B63-A1C3-9F1A0936A5AD}.Release|Any CPU.Build.0 = Release|Any CPU
		{9BB2A853-CD6D-496F-B3E4-FB45747BE2F2}.Debug|Any CPU.ActiveCfg = Debug|Any CPU
		{9BB2A853-CD6D-496F-B3E4-FB45747BE2F2}.Debug|Any CPU.Build.0 = Debug|Any CPU
		{9BB2A853-CD6D-496F-B3E4-FB45747BE2F2}.Release|Any CPU.ActiveCfg = Release|Any CPU
		{9BB2A853-CD6D-496F-B3E4-FB45747BE2F2}.Release|Any CPU.Build.0 = Release|Any CPU
		{F3E6E6C4-CD5E-4CDE-8582-CB3900F77AD5}.Debug|Any CPU.ActiveCfg = Debug|Any CPU
		{F3E6E6C4-CD5E-4CDE-8582-CB3900F77AD5}.Debug|Any CPU.Build.0 = Debug|Any CPU
		{F3E6E6C4-CD5E-4CDE-8582-CB3900F77AD5}.Release|Any CPU.ActiveCfg = Release|Any CPU
		{F3E6E6C4-CD5E-4CDE-8582-CB3900F77AD5}.Release|Any CPU.Build.0 = Release|Any CPU
		{623120B4-2FDB-4649-975C-66FBF6842E7A}.Debug|Any CPU.ActiveCfg = Debug|Any CPU
		{623120B4-2FDB-4649-975C-66FBF6842E7A}.Debug|Any CPU.Build.0 = Debug|Any CPU
		{623120B4-2FDB-4649-975C-66FBF6842E7A}.Release|Any CPU.ActiveCfg = Release|Any CPU
		{623120B4-2FDB-4649-975C-66FBF6842E7A}.Release|Any CPU.Build.0 = Release|Any CPU
		{EFE1EA07-1957-45A4-A96B-6138DF7CF232}.Debug|Any CPU.ActiveCfg = Debug|Any CPU
		{EFE1EA07-1957-45A4-A96B-6138DF7CF232}.Debug|Any CPU.Build.0 = Debug|Any CPU
		{EFE1EA07-1957-45A4-A96B-6138DF7CF232}.Release|Any CPU.ActiveCfg = Release|Any CPU
		{EFE1EA07-1957-45A4-A96B-6138DF7CF232}.Release|Any CPU.Build.0 = Release|Any CPU
		{FF4A8E0F-BA53-4971-BDF0-10FF0802244F}.Debug|Any CPU.ActiveCfg = Debug|Any CPU
		{FF4A8E0F-BA53-4971-BDF0-10FF0802244F}.Debug|Any CPU.Build.0 = Debug|Any CPU
		{FF4A8E0F-BA53-4971-BDF0-10FF0802244F}.Release|Any CPU.ActiveCfg = Release|Any CPU
		{FF4A8E0F-BA53-4971-BDF0-10FF0802244F}.Release|Any CPU.Build.0 = Release|Any CPU
		{1A088183-4EF3-4038-A965-2E43AEE0B9FE}.Debug|Any CPU.ActiveCfg = Debug|Any CPU
		{1A088183-4EF3-4038-A965-2E43AEE0B9FE}.Debug|Any CPU.Build.0 = Debug|Any CPU
		{1A088183-4EF3-4038-A965-2E43AEE0B9FE}.Release|Any CPU.ActiveCfg = Release|Any CPU
		{1A088183-4EF3-4038-A965-2E43AEE0B9FE}.Release|Any CPU.Build.0 = Release|Any CPU
	EndGlobalSection
	GlobalSection(SolutionProperties) = preSolution
		HideSolutionNode = FALSE
	EndGlobalSection
	GlobalSection(ExtensibilityGlobals) = postSolution
		SolutionGuid = {18F46453-7DCD-4ECF-A253-F3B38A219735}
	EndGlobalSection
EndGlobal
